
Microsoft Visual Studio Solution File, Format Version 12.00
# Visual Studio Version 16
VisualStudioVersion = 16.0.810.11
MinimumVisualStudioVersion = 10.0.40219.1
Project("{FAE04EC0-301F-11D3-BF4B-00C04F79EFBC}") = "PokeMvx.Core", "PokeMvx\PokeMvx.Core.csproj", "{BDBC7756-D209-4171-9EBF-E9FF32DFF572}"
EndProject
Project("{FAE04EC0-301F-11D3-BF4B-00C04F79EFBC}") = "PokeMvx.Droid", "PokeMvx.Droid\PokeMvx.Droid.csproj", "{74E4F411-F2BC-4FEB-A457-5631C92FA0CF}"
EndProject
Global
	GlobalSection(SolutionConfigurationPlatforms) = preSolution
		Debug|Any CPU = Debug|Any CPU
		Release|Any CPU = Release|Any CPU
	EndGlobalSection
	GlobalSection(ProjectConfigurationPlatforms) = postSolution
		{BDBC7756-D209-4171-9EBF-E9FF32DFF572}.Debug|Any CPU.ActiveCfg = Debug|Any CPU
		{BDBC7756-D209-4171-9EBF-E9FF32DFF572}.Debug|Any CPU.Build.0 = Debug|Any CPU
		{BDBC7756-D209-4171-9EBF-E9FF32DFF572}.Release|Any CPU.ActiveCfg = Release|Any CPU
		{BDBC7756-D209-4171-9EBF-E9FF32DFF572}.Release|Any CPU.Build.0 = Release|Any CPU
		{74E4F411-F2BC-4FEB-A457-5631C92FA0CF}.Debug|Any CPU.ActiveCfg = Debug|Any CPU
		{74E4F411-F2BC-4FEB-A457-5631C92FA0CF}.Debug|Any CPU.Build.0 = Debug|Any CPU
		{74E4F411-F2BC-4FEB-A457-5631C92FA0CF}.Release|Any CPU.ActiveCfg = Release|Any CPU
		{74E4F411-F2BC-4FEB-A457-5631C92FA0CF}.Release|Any CPU.Build.0 = Release|Any CPU
	EndGlobalSection
	GlobalSection(SolutionProperties) = preSolution
		HideSolutionNode = FALSE
	EndGlobalSection
	GlobalSection(ExtensibilityGlobals) = postSolution
		SolutionGuid = {49F296B9-4A89-48B5-8804-5BC75D4762D9}
	EndGlobalSection
EndGlobal
